Microsoft Visual Studio Solution File, Format Version 12.00
# Visual Studio Version 17
VisualStudioVersion = 17.4.33110.190
MinimumVisualStudioVersion = 10.0.40219.1
Project("{FAE04EC0-301F-11D3-BF4B-00C04F79EFBC}") = "api.git.server", "api.git.server\api.git.server.csproj", "{1BCB4AFF-302D-4F17-8F6C-9EF4E9A56E94}"
EndProject
Global
	GlobalSection(SolutionConfigurationPlatforms) = preSolution
		Debug|Any CPU = Debug|Any CPU
		Release|Any CPU = Release|Any CPU
	EndGlobalSection
	GlobalSection(ProjectConfigurationPlatforms) = postSolution
		{1BCB4AFF-302D-4F17-8F6C-9EF4E9A56E94}.Debug|Any CPU.ActiveCfg = Debug|Any CPU
		{1BCB4AFF-302D-4F17-8F6C-9EF4E9A56E94}.Debug|Any CPU.Build.0 = Debug|Any CPU
		{1BCB4AFF-302D-4F17-8F6C-9EF4E9A56E94}.Release|Any CPU.ActiveCfg = Release|Any CPU
		{1BCB4AFF-302D-4F17-8F6C-9EF4E9A56E94}.Release|Any CPU.Build.0 = Release|Any CPU
	EndGlobalSection
	GlobalSection(SolutionProperties) = preSolution
		HideSolutionNode = FALSE
	EndGlobalSection
	GlobalSection(ExtensibilityGlobals) = postSolution
		SolutionGuid = {7DB52C3B-4FDA-414E-926D-47537D9235F2}
	EndGlobalSection
EndGlobal
